
Microsoft Visual Studio Solution File, Format Version 12.00
# Visual Studio Version 16
VisualStudioVersion = 16.0.31005.135
MinimumVisualStudioVersion = 10.0.40219.1
Project("{FAE04EC0-301F-11D3-BF4B-00C04F79EFBC}") = "Test", "Test.csproj", "{F776C856-F5E2-42BB-8648-95A7BDF7CDC2}"
EndProject
Global
	GlobalSection(SolutionConfigurationPlatforms) = preSolution
		Debug|Any CPU = Debug|Any CPU
		Release|Any CPU = Release|Any CPU
	EndGlobalSection
	GlobalSection(ProjectConfigurationPlatforms) = postSolution
		{F776C856-F5E2-42BB-8648-95A7BDF7CDC2}.Debug|Any CPU.ActiveCfg = Debug|Any CPU
		{F776C856-F5E2-42BB-8648-95A7BDF7CDC2}.Debug|Any CPU.Build.0 = Debug|Any CPU
		{F776C856-F5E2-42BB-8648-95A7BDF7CDC2}.Release|Any CPU.ActiveCfg = Release|Any CPU
		{F776C856-F5E2-42BB-8648-95A7BDF7CDC2}.Release|Any CPU.Build.0 = Release|Any CPU
	EndGlobalSection
	GlobalSection(SolutionProperties) = preSolution
		HideSolutionNode = FALSE
	EndGlobalSection
	GlobalSection(ExtensibilityGlobals) = postSolution
		SolutionGuid = {AF6A2282-F6CF-4279-AE58-E73021BC6394}
	EndGlobalSection
EndGlobal
